// !$*UTF8*$!
{
	archiveVersion = 1;
	classes = {
	};
	objectVersion = 46;
	objects = {

/* Begin PBXBuildFile section */
		031DB9E81AFA55470081CEBC /* Alamofire-SwiftyJSON.swift in Sources */ = {isa = PBXBuildFile; fileRef = 031DB9E71AFA55470081CEBC /* Alamofire-SwiftyJSON.swift */; };
		031DB9EA1AFA708D0081CEBC /* CHEvent.swift in Sources */ = {isa = PBXBuildFile; fileRef = 031DB9E91AFA708D0081CEBC /* CHEvent.swift */; };
		031DB9EC1AFA72540081CEBC /* Comment.swift in Sources */ = {isa = PBXBuildFile; fileRef = 031DB9EB1AFA72540081CEBC /* Comment.swift */; };
		031DB9EF1AFB4A110081CEBC /* PushEvent.swift in Sources */ = {isa = PBXBuildFile; fileRef = 031DB9EE1AFB4A110081CEBC /* PushEvent.swift */; };
		031DB9F11AFB4A1D0081CEBC /* WatchEvent.swift in Sources */ = {isa = PBXBuildFile; fileRef = 031DB9F01AFB4A1D0081CEBC /* WatchEvent.swift */; };
		031DB9F31AFB4A250081CEBC /* ForkEvent.swift in Sources */ = {isa = PBXBuildFile; fileRef = 031DB9F21AFB4A250081CEBC /* ForkEvent.swift */; };
		031DB9F51AFB4A2F0081CEBC /* CreateEvent.swift in Sources */ = {isa = PBXBuildFile; fileRef = 031DB9F41AFB4A2F0081CEBC /* CreateEvent.swift */; };
		039C7DE61AEF676E002DAA78 /* AppDelegate.swift in Sources */ = {isa = PBXBuildFile; fileRef = 039C7DE51AEF676E002DAA78 /* AppDelegate.swift */; };
		039C7DE81AEF676E002DAA78 /* FirstViewController.swift in Sources */ = {isa = PBXBuildFile; fileRef = 039C7DE71AEF676E002DAA78 /* FirstViewController.swift */; };
		039C7DEA1AEF676E002DAA78 /* SecondViewController.swift in Sources */ = {isa = PBXBuildFile; fileRef = 039C7DE91AEF676E002DAA78 /* SecondViewController.swift */; };
		039C7DED1AEF676E002DAA78 /* Main.storyboard in Resources */ = {isa = PBXBuildFile; fileRef = 039C7DEB1AEF676E002DAA78 /* Main.storyboard */; };
		039C7DEF1AEF676E002DAA78 /* Images.xcassets in Resources */ = {isa = PBXBuildFile; fileRef = 039C7DEE1AEF676E002DAA78 /* Images.xcassets */; };
		039C7DF21AEF676E002DAA78 /* LaunchScreen.xib in Resources */ = {isa = PBXBuildFile; fileRef = 039C7DF01AEF676E002DAA78 /* LaunchScreen.xib */; };
		03BEA68E1AF7A5E900AB18A8 /* CHObject.swift in Sources */ = {isa = PBXBuildFile; fileRef = 03BEA68D1AF7A5E900AB18A8 /* CHObject.swift */; };
		03BEA6901AF7A60B00AB18A8 /* Repository.swift in Sources */ = {isa = PBXBuildFile; fileRef = 03BEA68F1AF7A60B00AB18A8 /* Repository.swift */; };
		03BEA6921AF7A68300AB18A8 /* Commit.swift in Sources */ = {isa = PBXBuildFile; fileRef = 03BEA6911AF7A68300AB18A8 /* Commit.swift */; };
		03BEA6941AF7A6F200AB18A8 /* Issue.swift in Sources */ = {isa = PBXBuildFile; fileRef = 03BEA6931AF7A6F200AB18A8 /* Issue.swift */; };
		03BEA6961AF7A73E00AB18A8 /* WebServices.swift in Sources */ = {isa = PBXBuildFile; fileRef = 03BEA6951AF7A73E00AB18A8 /* WebServices.swift */; };
		03BEA6991AF7A78500AB18A8 /* Constants.swift in Sources */ = {isa = PBXBuildFile; fileRef = 03BEA6981AF7A78500AB18A8 /* Constants.swift */; };
		03BEA69B1AF7A78E00AB18A8 /* Defs.swift in Sources */ = {isa = PBXBuildFile; fileRef = 03BEA69A1AF7A78E00AB18A8 /* Defs.swift */; };
		03BEA69D1AF7A79900AB18A8 /* Utilities.swift in Sources */ = {isa = PBXBuildFile; fileRef = 03BEA69C1AF7A79900AB18A8 /* Utilities.swift */; };
		03BEA69F1AF7A7B700AB18A8 /* AuthManager.swift in Sources */ = {isa = PBXBuildFile; fileRef = 03BEA69E1AF7A7B700AB18A8 /* AuthManager.swift */; };
		03BEA6A11AF7A7E800AB18A8 /* User.swift in Sources */ = {isa = PBXBuildFile; fileRef = 03BEA6A01AF7A7E800AB18A8 /* User.swift */; };
		03BEA6A31AF7A8C600AB18A8 /* PullRequest.swift in Sources */ = {isa = PBXBuildFile; fileRef = 03BEA6A21AF7A8C600AB18A8 /* PullRequest.swift */; };
		C5B6F8BEB883C0B8AA5A9194 /* Pods.framework in Frameworks */ = {isa = PBXBuildFile; fileRef = 105A6098D93EE98A8F045EC5 /* Pods.framework */; settings = {ATTRIBUTES = (Weak, ); }; };
/* End PBXBuildFile section */

/* Begin PBXFileReference section */
		031DB9E71AFA55470081CEBC /* Alamofire-SwiftyJSON.swift */ = {isa = PBXFileReference; fileEncoding = 4; lastKnownFileType = sourcecode.swift; path = "Alamofire-SwiftyJSON.swift"; sourceTree = "<group>"; };
		031DB9E91AFA708D0081CEBC /* CHEvent.swift */ = {isa = PBXFileReference; fileEncoding = 4; lastKnownFileType = sourcecode.swift; path = CHEvent.swift; sourceTree = "<group>"; };
		031DB9EB1AFA72540081CEBC /* Comment.swift */ = {isa = PBXFileReference; fileEncoding = 4; lastKnownFileType = sourcecode.swift; path = Comment.swift; sourceTree = "<group>"; };
		031DB9EE1AFB4A110081CEBC /* PushEvent.swift */ = {isa = PBXFileReference; fileEncoding = 4; lastKnownFileType = sourcecode.swift; path = PushEvent.swift; sourceTree = "<group>"; };
		031DB9F01AFB4A1D0081CEBC /* WatchEvent.swift */ = {isa = PBXFileReference; fileEncoding = 4; lastKnownFileType = sourcecode.swift; path = WatchEvent.swift; sourceTree = "<group>"; };
		031DB9F21AFB4A250081CEBC /* ForkEvent.swift */ = {isa = PBXFileReference; fileEncoding = 4; lastKnownFileType = sourcecode.swift; path = ForkEvent.swift; sourceTree = "<group>"; };
		031DB9F41AFB4A2F0081CEBC /* CreateEvent.swift */ = {isa = PBXFileReference; fileEncoding = 4; lastKnownFileType = sourcecode.swift; path = CreateEvent.swift; sourceTree = "<group>"; };
		039C7DE01AEF676E002DAA78 /* CommitHub.app */ = {isa = PBXFileReference; explicitFileType = wrapper.application; includeInIndex = 0; path = CommitHub.app; sourceTree = BUILT_PRODUCTS_DIR; };
		039C7DE41AEF676E002DAA78 /* Info.plist */ = {isa = PBXFileReference; lastKnownFileType = text.plist.xml; path = Info.plist; sourceTree = "<group>"; };
		039C7DE51AEF676E002DAA78 /* AppDelegate.swift */ = {isa = PBXFileReference; lastKnownFileType = sourcecode.swift; path = AppDelegate.swift; sourceTree = "<group>"; };
		039C7DE71AEF676E002DAA78 /* FirstViewController.swift */ = {isa = PBXFileReference; lastKnownFileType = sourcecode.swift; path = FirstViewController.swift; sourceTree = "<group>"; };
		039C7DE91AEF676E002DAA78 /* SecondViewController.swift */ = {isa = PBXFileReference; lastKnownFileType = sourcecode.swift; path = SecondViewController.swift; sourceTree = "<group>"; };
		039C7DEC1AEF676E002DAA78 /* Base */ = {isa = PBXFileReference; lastKnownFileType = file.storyboard; name = Base; path = Base.lproj/Main.storyboard; sourceTree = "<group>"; };
		039C7DEE1AEF676E002DAA78 /* Images.xcassets */ = {isa = PBXFileReference; lastKnownFileType = folder.assetcatalog; path = Images.xcassets; sourceTree = "<group>"; };
		039C7DF11AEF676E002DAA78 /* Base */ = {isa = PBXFileReference; lastKnownFileType = file.xib; name = Base; path = Base.lproj/LaunchScreen.xib; sourceTree = "<group>"; };
		03BEA68D1AF7A5E900AB18A8 /* CHObject.swift */ = {isa = PBXFileReference; fileEncoding = 4; lastKnownFileType = sourcecode.swift; path = CHObject.swift; sourceTree = "<group>"; };
		03BEA68F1AF7A60B00AB18A8 /* Repository.swift */ = {isa = PBXFileReference; fileEncoding = 4; lastKnownFileType = sourcecode.swift; path = Repository.swift; sourceTree = "<group>"; };
		03BEA6911AF7A68300AB18A8 /* Commit.swift */ = {isa = PBXFileReference; fileEncoding = 4; lastKnownFileType = sourcecode.swift; path = Commit.swift; sourceTree = "<group>"; };
		03BEA6931AF7A6F200AB18A8 /* Issue.swift */ = {isa = PBXFileReference; fileEncoding = 4; lastKnownFileType = sourcecode.swift; path = Issue.swift; sourceTree = "<group>"; };
		03BEA6951AF7A73E00AB18A8 /* WebServices.swift */ = {isa = PBXFileReference; fileEncoding = 4; lastKnownFileType = sourcecode.swift; path = WebServices.swift; sourceTree = "<group>"; };
		03BEA6981AF7A78500AB18A8 /* Constants.swift */ = {isa = PBXFileReference; fileEncoding = 4; lastKnownFileType = sourcecode.swift; path = Constants.swift; sourceTree = "<group>"; };
		03BEA69A1AF7A78E00AB18A8 /* Defs.swift */ = {isa = PBXFileReference; fileEncoding = 4; lastKnownFileType = sourcecode.swift; path = Defs.swift; sourceTree = "<group>"; };
		03BEA69C1AF7A79900AB18A8 /* Utilities.swift */ = {isa = PBXFileReference; fileEncoding = 4; lastKnownFileType = sourcecode.swift; path = Utilities.swift; sourceTree = "<group>"; };
		03BEA69E1AF7A7B700AB18A8 /* AuthManager.swift */ = {isa = PBXFileReference; fileEncoding = 4; lastKnownFileType = sourcecode.swift; path = AuthManager.swift; sourceTree = "<group>"; };
		03BEA6A01AF7A7E800AB18A8 /* User.swift */ = {isa = PBXFileReference; fileEncoding = 4; lastKnownFileType = sourcecode.swift; path = User.swift; sourceTree = "<group>"; };
		03BEA6A21AF7A8C600AB18A8 /* PullRequest.swift */ = {isa = PBXFileReference; fileEncoding = 4; lastKnownFileType = sourcecode.swift; path = PullRequest.swift; sourceTree = "<group>"; };
		105A6098D93EE98A8F045EC5 /* Pods.framework */ = {isa = PBXFileReference; explicitFileType = wrapper.framework; includeInIndex = 0; path = Pods.framework; sourceTree = BUILT_PRODUCTS_DIR; };
		5AB95679E3987738524EC2F1 /* Pods.debug.xcconfig */ = {isa = PBXFileReference; includeInIndex = 1; lastKnownFileType = text.xcconfig; name = Pods.debug.xcconfig; path = "Pods/Target Support Files/Pods/Pods.debug.xcconfig"; sourceTree = "<group>"; };
		EABB94CB97D81DB02D830F53 /* Pods.release.xcconfig */ = {isa = PBXFileReference; includeInIndex = 1; lastKnownFileType = text.xcconfig; name = Pods.release.xcconfig; path = "Pods/Target Support Files/Pods/Pods.release.xcconfig"; sourceTree = "<group>"; };
/* End PBXFileReference section */

/* Begin PBXFrameworksBuildPhase section */
		039C7DDD1AEF676E002DAA78 /* Frameworks */ = {
			isa = PBXFrameworksBuildPhase;
			buildActionMask = 2147483647;
			files = (
				C5B6F8BEB883C0B8AA5A9194 /* Pods.framework in Frameworks */,
			);
			runOnlyForDeploymentPostprocessing = 0;
		};
/* End PBXFrameworksBuildPhase section */

/* Begin PBXGroup section */
		031DB9E61AFA55180081CEBC /* Extensions */ = {
			isa = PBXGroup;
			children = (
				031DB9E71AFA55470081CEBC /* Alamofire-SwiftyJSON.swift */,
			);
			name = Extensions;
			sourceTree = "<group>";
		};
		031DB9ED1AFB49E40081CEBC /* Events */ = {
			isa = PBXGroup;
			children = (
				031DB9E91AFA708D0081CEBC /* CHEvent.swift */,
				031DB9EE1AFB4A110081CEBC /* PushEvent.swift */,
				031DB9F01AFB4A1D0081CEBC /* WatchEvent.swift */,
				031DB9F21AFB4A250081CEBC /* ForkEvent.swift */,
				031DB9F41AFB4A2F0081CEBC /* CreateEvent.swift */,
			);
			name = Events;
			sourceTree = "<group>";
		};
		032155381AFA1D6200DFED89 /* Controllers */ = {
			isa = PBXGroup;
			children = (
				039C7DE71AEF676E002DAA78 /* FirstViewController.swift */,
				039C7DE91AEF676E002DAA78 /* SecondViewController.swift */,
			);
			name = Controllers;
			sourceTree = "<group>";
		};
		039C7DD71AEF676E002DAA78 = {
			isa = PBXGroup;
			children = (
				039C7DE21AEF676E002DAA78 /* CommitHub */,
				039C7DE11AEF676E002DAA78 /* Products */,
				F9036AA79002952E78BBE004 /* Pods */,
				E58BC95726EEE0B125C03CB6 /* Frameworks */,
			);
			sourceTree = "<group>";
		};
		039C7DE11AEF676E002DAA78 /* Products */ = {
			isa = PBXGroup;
			children = (
				039C7DE01AEF676E002DAA78 /* CommitHub.app */,
			);
			name = Products;
			sourceTree = "<group>";
		};
		039C7DE21AEF676E002DAA78 /* CommitHub */ = {
			isa = PBXGroup;
			children = (
				03BEA6A41AF7A99C00AB18A8 /* WebServices */,
				039C7DE51AEF676E002DAA78 /* AppDelegate.swift */,
				039C7DEB1AEF676E002DAA78 /* Main.storyboard */,
				039C7DEE1AEF676E002DAA78 /* Images.xcassets */,
				039C7DF01AEF676E002DAA78 /* LaunchScreen.xib */,
				032155381AFA1D6200DFED89 /* Controllers */,
				039C7DE31AEF676E002DAA78 /* Supporting Files */,
				03BEA6971AF7A76200AB18A8 /* Utilities */,
				031DB9E61AFA55180081CEBC /* Extensions */,
				03BEA68A1AF7A58800AB18A8 /* Model */,
			);
			path = CommitHub;
			sourceTree = "<group>";
		};
		039C7DE31AEF676E002DAA78 /* Supporting Files */ = {
			isa = PBXGroup;
			children = (
				039C7DE41AEF676E002DAA78 /* Info.plist */,
			);
			name = "Supporting Files";
			sourceTree = "<group>";
		};
		03BEA68A1AF7A58800AB18A8 /* Model */ = {
			isa = PBXGroup;
			children = (
				03BEA68D1AF7A5E900AB18A8 /* CHObject.swift */,
				03BEA68F1AF7A60B00AB18A8 /* Repository.swift */,
				03BEA6911AF7A68300AB18A8 /* Commit.swift */,
				03BEA6931AF7A6F200AB18A8 /* Issue.swift */,
				03BEA6A01AF7A7E800AB18A8 /* User.swift */,
				03BEA6A21AF7A8C600AB18A8 /* PullRequest.swift */,
				031DB9EB1AFA72540081CEBC /* Comment.swift */,
				031DB9ED1AFB49E40081CEBC /* Events */,
			);
			name = Model;
			sourceTree = "<group>";
		};
		03BEA6971AF7A76200AB18A8 /* Utilities */ = {
			isa = PBXGroup;
			children = (
				03BEA6981AF7A78500AB18A8 /* Constants.swift */,
				03BEA69A1AF7A78E00AB18A8 /* Defs.swift */,
				03BEA69C1AF7A79900AB18A8 /* Utilities.swift */,
				03BEA69E1AF7A7B700AB18A8 /* AuthManager.swift */,
			);
			name = Utilities;
			sourceTree = "<group>";
		};
		03BEA6A41AF7A99C00AB18A8 /* WebServices */ = {
			isa = PBXGroup;
			children = (
				03BEA6951AF7A73E00AB18A8 /* WebServices.swift */,
			);
			name = WebServices;
			sourceTree = "<group>";
		};
		E58BC95726EEE0B125C03CB6 /* Frameworks */ = {
			isa = PBXGroup;
			children = (
				105A6098D93EE98A8F045EC5 /* Pods.framework */,
			);
			name = Frameworks;
			sourceTree = "<group>";
		};
		F9036AA79002952E78BBE004 /* Pods */ = {
			isa = PBXGroup;
			children = (
				5AB95679E3987738524EC2F1 /* Pods.debug.xcconfig */,
				EABB94CB97D81DB02D830F53 /* Pods.release.xcconfig */,
			);
			name = Pods;
			sourceTree = "<group>";
		};
/* End PBXGroup section */

/* Begin PBXNativeTarget section */
		039C7DDF1AEF676E002DAA78 /* CommitHub */ = {
			isa = PBXNativeTarget;
			buildConfigurationList = 039C7E011AEF676E002DAA78 /* Build configuration list for PBXNativeTarget "CommitHub" */;
			buildPhases = (
				949FDAD3CC5562E5709E9B34 /* Check Pods Manifest.lock */,
				039C7DDC1AEF676E002DAA78 /* Sources */,
				039C7DDD1AEF676E002DAA78 /* Frameworks */,
				039C7DDE1AEF676E002DAA78 /* Resources */,
				C121C1755564649ECB216411 /* Embed Pods Frameworks */,
				4DCE1EB1EACCF02430640927 /* Copy Pods Resources */,
			);
			buildRules = (
			);
			dependencies = (
			);
			name = CommitHub;
			productName = CommitHub;
			productReference = 039C7DE01AEF676E002DAA78 /* CommitHub.app */;
			productType = "com.apple.product-type.application";
		};
/* End PBXNativeTarget section */

/* Begin PBXProject section */
		039C7DD81AEF676E002DAA78 /* Project object */ = {
			isa = PBXProject;
			attributes = {
				LastUpgradeCheck = 0620;
				ORGANIZATIONNAME = "Josh Wright and Paul Haefliger";
				TargetAttributes = {
					039C7DDF1AEF676E002DAA78 = {
						CreatedOnToolsVersion = 6.2;
					};
				};
			};
			buildConfigurationList = 039C7DDB1AEF676E002DAA78 /* Build configuration list for PBXProject "CommitHub" */;
			compatibilityVersion = "Xcode 3.2";
			developmentRegion = English;
			hasScannedForEncodings = 0;
			knownRegions = (
				en,
				Base,
			);
			mainGroup = 039C7DD71AEF676E002DAA78;
			productRefGroup = 039C7DE11AEF676E002DAA78 /* Products */;
			projectDirPath = "";
			projectRoot = "";
			targets = (
				039C7DDF1AEF676E002DAA78 /* CommitHub */,
			);
		};
/* End PBXProject section */

/* Begin PBXResourcesBuildPhase section */
		039C7DDE1AEF676E002DAA78 /* Resources */ = {
			isa = PBXResourcesBuildPhase;
			buildActionMask = 2147483647;
			files = (
				039C7DED1AEF676E002DAA78 /* Main.storyboard in Resources */,
				039C7DF21AEF676E002DAA78 /* LaunchScreen.xib in Resources */,
				039C7DEF1AEF676E002DAA78 /* Images.xcassets in Resources */,
			);
			runOnlyForDeploymentPostprocessing = 0;
		};
/* End PBXResourcesBuildPhase section */

/* Begin PBXShellScriptBuildPhase section */
		4DCE1EB1EACCF02430640927 /* Copy Pods Resources */ = {
			isa = PBXShellScriptBuildPhase;
			buildActionMask = 2147483647;
			files = (
			);
			inputPaths = (
			);
			name = "Copy Pods Resources";
			outputPaths = (
			);
			runOnlyForDeploymentPostprocessing = 0;
			shellPath = /bin/sh;
			shellScript = "\"${SRCROOT}/Pods/Target Support Files/Pods/Pods-resources.sh\"\n";
			showEnvVarsInLog = 0;
		};
		949FDAD3CC5562E5709E9B34 /* Check Pods Manifest.lock */ = {
			isa = PBXShellScriptBuildPhase;
			buildActionMask = 2147483647;
			files = (
			);
			inputPaths = (
			);
			name = "Check Pods Manifest.lock";
			outputPaths = (
			);
			runOnlyForDeploymentPostprocessing = 0;
			shellPath = /bin/sh;
			shellScript = "diff \"${PODS_ROOT}/../Podfile.lock\" \"${PODS_ROOT}/Manifest.lock\" > /dev/null\nif [[ $? != 0 ]] ; then\n    cat << EOM\nerror: The sandbox is not in sync with the Podfile.lock. Run 'pod install' or update your CocoaPods installation.\nEOM\n    exit 1\nfi\n";
			showEnvVarsInLog = 0;
		};
		C121C1755564649ECB216411 /* Embed Pods Frameworks */ = {
			isa = PBXShellScriptBuildPhase;
			buildActionMask = 2147483647;
			files = (
			);
			inputPaths = (
			);
			name = "Embed Pods Frameworks";
			outputPaths = (
			);
			runOnlyForDeploymentPostprocessing = 0;
			shellPath = /bin/sh;
			shellScript = "\"${SRCROOT}/Pods/Target Support Files/Pods/Pods-frameworks.sh\"\n";
			showEnvVarsInLog = 0;
		};
/* End PBXShellScriptBuildPhase section */

/* Begin PBXSourcesBuildPhase section */
		039C7DDC1AEF676E002DAA78 /* Sources */ = {
			isa = PBXSourcesBuildPhase;
			buildActionMask = 2147483647;
			files = (
				03BEA6A11AF7A7E800AB18A8 /* User.swift in Sources */,
				03BEA6921AF7A68300AB18A8 /* Commit.swift in Sources */,
				031DB9F51AFB4A2F0081CEBC /* CreateEvent.swift in Sources */,
				03BEA6A31AF7A8C600AB18A8 /* PullRequest.swift in Sources */,
				03BEA69F1AF7A7B700AB18A8 /* AuthManager.swift in Sources */,
				03BEA6941AF7A6F200AB18A8 /* Issue.swift in Sources */,
				031DB9EC1AFA72540081CEBC /* Comment.swift in Sources */,
				031DB9F31AFB4A250081CEBC /* ForkEvent.swift in Sources */,
				031DB9EF1AFB4A110081CEBC /* PushEvent.swift in Sources */,
				03BEA69D1AF7A79900AB18A8 /* Utilities.swift in Sources */,
				039C7DEA1AEF676E002DAA78 /* SecondViewController.swift in Sources */,
				031DB9E81AFA55470081CEBC /* Alamofire-SwiftyJSON.swift in Sources */,
				031DB9EA1AFA708D0081CEBC /* CHEvent.swift in Sources */,
				039C7DE61AEF676E002DAA78 /* AppDelegate.swift in Sources */,
				03BEA6901AF7A60B00AB18A8 /* Repository.swift in Sources */,
				031DB9F11AFB4A1D0081CEBC /* WatchEvent.swift in Sources */,
				039C7DE81AEF676E002DAA78 /* FirstViewController.swift in Sources */,
				03BEA6961AF7A73E00AB18A8 /* WebServices.swift in Sources */,
				03BEA69B1AF7A78E00AB18A8 /* Defs.swift in Sources */,
				03BEA68E1AF7A5E900AB18A8 /* CHObject.swift in Sources */,
				03BEA6991AF7A78500AB18A8 /* Constants.swift in Sources */,
			);
			runOnlyForDeploymentPostprocessing = 0;
		};
/* End PBXSourcesBuildPhase section */

/* Begin PBXVariantGroup section */
		039C7DEB1AEF676E002DAA78 /* Main.storyboard */ = {
			isa = PBXVariantGroup;
			children = (
				039C7DEC1AEF676E002DAA78 /* Base */,
			);
			name = Main.storyboard;
			sourceTree = "<group>";
		};
		039C7DF01AEF676E002DAA78 /* LaunchScreen.xib */ = {
			isa = PBXVariantGroup;
			children = (
				039C7DF11AEF676E002DAA78 /* Base */,
			);
			name = LaunchScreen.xib;
			sourceTree = "<group>";
		};
/* End PBXVariantGroup section */

/* Begin XCBuildConfiguration section */
		039C7DFF1AEF676E002DAA78 /* Debug */ = {
			isa = XCBuildConfiguration;
			buildSettings = {
				ALWAYS_SEARCH_USER_PATHS = NO;
				CLANG_CXX_LANGUAGE_STANDARD = "gnu++0x";
				CLANG_CXX_LIBRARY = "libc++";
				CLANG_ENABLE_MODULES = YES;
				CLANG_ENABLE_OBJC_ARC = YES;
				CLANG_WARN_BOOL_CONVERSION = YES;
				CLANG_WARN_CONSTANT_CONVERSION = YES;
				CLANG_WARN_DIRECT_OBJC_ISA_USAGE = YES_ERROR;
				CLANG_WARN_EMPTY_BODY = YES;
				CLANG_WARN_ENUM_CONVERSION = YES;
				CLANG_WARN_INT_CONVERSION = YES;
				CLANG_WARN_OBJC_ROOT_CLASS = YES_ERROR;
				CLANG_WARN_UNREACHABLE_CODE = YES;
				CLANG_WARN__DUPLICATE_METHOD_MATCH = YES;
				"CODE_SIGN_IDENTITY[sdk=iphoneos*]" = "iPhone Developer";
				COPY_PHASE_STRIP = NO;
				ENABLE_STRICT_OBJC_MSGSEND = YES;
				GCC_C_LANGUAGE_STANDARD = gnu99;
				GCC_DYNAMIC_NO_PIC = NO;
				GCC_OPTIMIZATION_LEVEL = 0;
				GCC_PREPROCESSOR_DEFINITIONS = (
					"DEBUG=1",
					"$(inherited)",
				);
				GCC_SYMBOLS_PRIVATE_EXTERN = NO;
				GCC_WARN_64_TO_32_BIT_CONVERSION = YES;
				GCC_WARN_ABOUT_RETURN_TYPE = YES_ERROR;
				GCC_WARN_UNDECLARED_SELECTOR = YES;
				GCC_WARN_UNINITIALIZED_AUTOS = YES_AGGRESSIVE;
				GCC_WARN_UNUSED_FUNCTION = YES;
				GCC_WARN_UNUSED_VARIABLE = YES;
				IPHONEOS_DEPLOYMENT_TARGET = 8.2;
				MTL_ENABLE_DEBUG_INFO = YES;
				ONLY_ACTIVE_ARCH = YES;
				SDKROOT = iphoneos;
				SWIFT_OPTIMIZATION_LEVEL = "-Onone";
			};
			name = Debug;
		};
		039C7E001AEF676E002DAA78 /* Release */ = {
			isa = XCBuildConfiguration;
			buildSettings = {
				ALWAYS_SEARCH_USER_PATHS = NO;
				CLANG_CXX_LANGUAGE_STANDARD = "gnu++0x";
				CLANG_CXX_LIBRARY = "libc++";
				CLANG_ENABLE_MODULES = YES;
				CLANG_ENABLE_OBJC_ARC = YES;
				CLANG_WARN_BOOL_CONVERSION = YES;
				CLANG_WARN_CONSTANT_CONVERSION = YES;
				CLANG_WARN_DIRECT_OBJC_ISA_USAGE = YES_ERROR;
				CLANG_WARN_EMPTY_BODY = YES;
				CLANG_WARN_ENUM_CONVERSION = YES;
				CLANG_WARN_INT_CONVERSION = YES;
				CLANG_WARN_OBJC_ROOT_CLASS = YES_ERROR;
				CLANG_WARN_UNREACHABLE_CODE = YES;
				CLANG_WARN__DUPLICATE_METHOD_MATCH = YES;
				"CODE_SIGN_IDENTITY[sdk=iphoneos*]" = "iPhone Developer";
				COPY_PHASE_STRIP = NO;
				ENABLE_NS_ASSERTIONS = NO;
				ENABLE_STRICT_OBJC_MSGSEND = YES;
				GCC_C_LANGUAGE_STANDARD = gnu99;
				GCC_WARN_64_TO_32_BIT_CONVERSION = YES;
				GCC_WARN_ABOUT_RETURN_TYPE = YES_ERROR;
				GCC_WARN_UNDECLARED_SELECTOR = YES;
				GCC_WARN_UNINITIALIZED_AUTOS = YES_AGGRESSIVE;
				GCC_WARN_UNUSED_FUNCTION = YES;
				GCC_WARN_UNUSED_VARIABLE = YES;
				IPHONEOS_DEPLOYMENT_TARGET = 8.2;
				MTL_ENABLE_DEBUG_INFO = NO;
				SDKROOT = iphoneos;
				VALIDATE_PRODUCT = YES;
			};
			name = Release;
		};
		039C7E021AEF676E002DAA78 /* Debug */ = {
			isa = XCBuildConfiguration;
			baseConfigurationReference = 5AB95679E3987738524EC2F1 /* Pods.debug.xcconfig */;
			buildSettings = {
				ASSETCATALOG_COMPILER_APPICON_NAME = AppIcon;
				INFOPLIST_FILE = CommitHub/Info.plist;
				IPHONEOS_DEPLOYMENT_TARGET = 8.0;
				LD_RUNPATH_SEARCH_PATHS = "$(inherited) @executable_path/Frameworks";
				PRODUCT_NAME = "$(TARGET_NAME)";
			};
			name = Debug;
		};
		039C7E031AEF676E002DAA78 /* Release */ = {
			isa = XCBuildConfiguration;
			baseConfigurationReference = EABB94CB97D81DB02D830F53 /* Pods.release.xcconfig */;
			buildSettings = {
				ASSETCATALOG_COMPILER_APPICON_NAME = AppIcon;
				INFOPLIST_FILE = CommitHub/Info.plist;
				IPHONEOS_DEPLOYMENT_TARGET = 8.0;
				LD_RUNPATH_SEARCH_PATHS = "$(inherited) @executable_path/Frameworks";
				PRODUCT_NAME = "$(TARGET_NAME)";
			};
			name = Release;
		};
/* End XCBuildConfiguration section */

/* Begin XCConfigurationList section */
		039C7DDB1AEF676E002DAA78 /* Build configuration list for PBXProject "CommitHub" */ = {
			isa = XCConfigurationList;
			buildConfigurations = (
				039C7DFF1AEF676E002DAA78 /* Debug */,
				039C7E001AEF676E002DAA78 /* Release */,
			);
			defaultConfigurationIsVisible = 0;
			defaultConfigurationName = Release;
		};
		039C7E011AEF676E002DAA78 /* Build configuration list for PBXNativeTarget "CommitHub" */ = {
			isa = XCConfigurationList;
			buildConfigurations = (
				039C7E021AEF676E002DAA78 /* Debug */,
				039C7E031AEF676E002DAA78 /* Release */,
			);
			defaultConfigurationIsVisible = 0;
			defaultConfigurationName = Release;
		};
/* End XCConfigurationList section */
	};
	rootObject = 039C7DD81AEF676E002DAA78 /* Project object */;
}
